// !$*UTF8*$!
{
	archiveVersion = 1;
	classes = {
	};
	objectVersion = 46;
	objects = {

/* Begin PBXBuildFile section */
		0E04ADD31E34D93D00585765 /* UIStrokeAnimatedLabelFramework.framework in Frameworks */ = {isa = PBXBuildFile; fileRef = 0E04ADD21E34D91D00585765 /* UIStrokeAnimatedLabelFramework.framework */; };
		0E04ADD41E34D93D00585765 /* UIStrokeAnimatedLabelFramework.framework in Embed Frameworks */ = {isa = PBXBuildFile; fileRef = 0E04ADD21E34D91D00585765 /* UIStrokeAnimatedLabelFramework.framework */; settings = {ATTRIBUTES = (CodeSignOnCopy, RemoveHeadersOnCopy, ); }; };
		25DB0EB61B93286900E65E08 /* AppDelegate.swift in Sources */ = {isa = PBXBuildFile; fileRef = 25DB0EB51B93286900E65E08 /* AppDelegate.swift */; };
		25DB0EBB1B93286900E65E08 /* ViewController.swift in Sources */ = {isa = PBXBuildFile; fileRef = 25DB0EBA1B93286900E65E08 /* ViewController.swift */; };
		25DB0EBE1B93286900E65E08 /* Main.storyboard in Resources */ = {isa = PBXBuildFile; fileRef = 25DB0EBC1B93286900E65E08 /* Main.storyboard */; };
		25DB0EC01B93286900E65E08 /* Images.xcassets in Resources */ = {isa = PBXBuildFile; fileRef = 25DB0EBF1B93286900E65E08 /* Images.xcassets */; };
		25DB0EC31B93286900E65E08 /* LaunchScreen.xib in Resources */ = {isa = PBXBuildFile; fileRef = 25DB0EC11B93286900E65E08 /* LaunchScreen.xib */; };
/* End PBXBuildFile section */

/* Begin PBXContainerItemProxy section */
		0E04ADD11E34D91D00585765 /* PBXContainerItemProxy */ = {
			isa = PBXContainerItemProxy;
			containerPortal = 0E04ADBB1E34D86A00585765 /* UIStrokeAnimatedLabelFramework.xcodeproj */;
			proxyType = 2;
			remoteGlobalIDString = 0EFAD65F1E34CF08003B5DF0;
			remoteInfo = UIStrokeAnimatedLabelFramework;
		};
		0E04ADD51E34D93D00585765 /* PBXContainerItemProxy */ = {
			isa = PBXContainerItemProxy;
			containerPortal = 0E04ADBB1E34D86A00585765 /* UIStrokeAnimatedLabelFramework.xcodeproj */;
			proxyType = 1;
			remoteGlobalIDString = 0EFAD65E1E34CF08003B5DF0;
			remoteInfo = UIStrokeAnimatedLabelFramework;
		};
/* End PBXContainerItemProxy section */

/* Begin PBXCopyFilesBuildPhase section */
		0EDB77781E34D3FB007912C3 /* Embed Frameworks */ = {
			isa = PBXCopyFilesBuildPhase;
			buildActionMask = 2147483647;
			dstPath = "";
			dstSubfolderSpec = 10;
			files = (
				0E04ADD41E34D93D00585765 /* UIStrokeAnimatedLabelFramework.framework in Embed Frameworks */,
			);
			name = "Embed Frameworks";
			runOnlyForDeploymentPostprocessing = 0;
		};
/* End PBXCopyFilesBuildPhase section */

/* Begin PBXFileReference section */
		0E04ADBB1E34D86A00585765 /* UIStrokeAnimatedLabelFramework.xcodeproj */ = {isa = PBXFileReference; lastKnownFileType = "wrapper.pb-project"; name = UIStrokeAnimatedLabelFramework.xcodeproj; path = UIStrokeAnimatedLabel/UIStrokeAnimatedLabelFramework.xcodeproj; sourceTree = "<group>"; };
		25DB0EB01B93286900E65E08 /* UIStrokeAnimatedLabelDemo.app */ = {isa = PBXFileReference; explicitFileType = wrapper.application; includeInIndex = 0; path = UIStrokeAnimatedLabelDemo.app; sourceTree = BUILT_PRODUCTS_DIR; };
		25DB0EB41B93286900E65E08 /* Info.plist */ = {isa = PBXFileReference; lastKnownFileType = text.plist.xml; path = Info.plist; sourceTree = "<group>"; };
		25DB0EB51B93286900E65E08 /* AppDelegate.swift */ = {isa = PBXFileReference; lastKnownFileType = sourcecode.swift; path = AppDelegate.swift; sourceTree = "<group>"; };
		25DB0EBA1B93286900E65E08 /* ViewController.swift */ = {isa = PBXFileReference; lastKnownFileType = sourcecode.swift; path = ViewController.swift; sourceTree = "<group>"; };
		25DB0EBD1B93286900E65E08 /* Base */ = {isa = PBXFileReference; lastKnownFileType = file.storyboard; name = Base; path = Base.lproj/Main.storyboard; sourceTree = "<group>"; };
		25DB0EBF1B93286900E65E08 /* Images.xcassets */ = {isa = PBXFileReference; lastKnownFileType = folder.assetcatalog; path = Images.xcassets; sourceTree = "<group>"; };
		25DB0EC21B93286900E65E08 /* Base */ = {isa = PBXFileReference; lastKnownFileType = file.xib; name = Base; path = Base.lproj/LaunchScreen.xib; sourceTree = "<group>"; };
		25DB0ECD1B93286900E65E08 /* Info.plist */ = {isa = PBXFileReference; lastKnownFileType = text.plist.xml; path = Info.plist; sourceTree = "<group>"; };
/* End PBXFileReference section */

/* Begin PBXFrameworksBuildPhase section */
		25DB0EAD1B93286900E65E08 /* Frameworks */ = {
			isa = PBXFrameworksBuildPhase;
			buildActionMask = 2147483647;
			files = (
				0E04ADD31E34D93D00585765 /* UIStrokeAnimatedLabelFramework.framework in Frameworks */,
			);
			runOnlyForDeploymentPostprocessing = 0;
		};
/* End PBXFrameworksBuildPhase section */

/* Begin PBXGroup section */
		0E04ADCE1E34D91D00585765 /* Products */ = {
			isa = PBXGroup;
			children = (
				0E04ADD21E34D91D00585765 /* UIStrokeAnimatedLabelFramework.framework */,
			);
			name = Products;
			sourceTree = "<group>";
		};
		25DB0EA71B93286900E65E08 = {
			isa = PBXGroup;
			children = (
				0E04ADBB1E34D86A00585765 /* UIStrokeAnimatedLabelFramework.xcodeproj */,
				25DB0EB21B93286900E65E08 /* UIStrokeAnimatedLabelDemo */,
				25DB0ECB1B93286900E65E08 /* DrawTextAnimationDemoTests */,
				25DB0EB11B93286900E65E08 /* Products */,
			);
			sourceTree = "<group>";
		};
		25DB0EB11B93286900E65E08 /* Products */ = {
			isa = PBXGroup;
			children = (
				25DB0EB01B93286900E65E08 /* UIStrokeAnimatedLabelDemo.app */,
			);
			name = Products;
			sourceTree = "<group>";
		};
		25DB0EB21B93286900E65E08 /* UIStrokeAnimatedLabelDemo */ = {
			isa = PBXGroup;
			children = (
				25DB0EB51B93286900E65E08 /* AppDelegate.swift */,
				25DB0EBA1B93286900E65E08 /* ViewController.swift */,
				25DB0EBC1B93286900E65E08 /* Main.storyboard */,
				25DB0EBF1B93286900E65E08 /* Images.xcassets */,
				25DB0EC11B93286900E65E08 /* LaunchScreen.xib */,
				25DB0EB31B93286900E65E08 /* Supporting Files */,
			);
			name = UIStrokeAnimatedLabelDemo;
			path = UIStrokeAnimatedLabelDemo/DrawTextAnimationDemo;
			sourceTree = "<group>";
		};
		25DB0EB31B93286900E65E08 /* Supporting Files */ = {
			isa = PBXGroup;
			children = (
				25DB0EB41B93286900E65E08 /* Info.plist */,
			);
			name = "Supporting Files";
			sourceTree = "<group>";
		};
		25DB0ECB1B93286900E65E08 /* DrawTextAnimationDemoTests */ = {
			isa = PBXGroup;
			children = (
				25DB0ECC1B93286900E65E08 /* Supporting Files */,
			);
			name = DrawTextAnimationDemoTests;
			path = UIStrokeAnimatedLabelDemo/DrawTextAnimationDemoTests;
			sourceTree = "<group>";
		};
		25DB0ECC1B93286900E65E08 /* Supporting Files */ = {
			isa = PBXGroup;
			children = (
				25DB0ECD1B93286900E65E08 /* Info.plist */,
			);
			name = "Supporting Files";
			sourceTree = "<group>";
		};
/* End PBXGroup section */

/* Begin PBXNativeTarget section */
		25DB0EAF1B93286900E65E08 /* UIStrokeAnimatedLabelDemo */ = {
			isa = PBXNativeTarget;
			buildConfigurationList = 25DB0ED21B93286900E65E08 /* Build configuration list for PBXNativeTarget "UIStrokeAnimatedLabelDemo" */;
			buildPhases = (
				25DB0EAC1B93286900E65E08 /* Sources */,
				25DB0EAD1B93286900E65E08 /* Frameworks */,
				25DB0EAE1B93286900E65E08 /* Resources */,
				0EDB77781E34D3FB007912C3 /* Embed Frameworks */,
			);
			buildRules = (
			);
			dependencies = (
				0E04ADD61E34D93D00585765 /* PBXTargetDependency */,
			);
			name = UIStrokeAnimatedLabelDemo;
			productName = DrawTextAnimationDemo;
			productReference = 25DB0EB01B93286900E65E08 /* UIStrokeAnimatedLabelDemo.app */;
			productType = "com.apple.product-type.application";
		};
/* End PBXNativeTarget section */

/* Begin PBXProject section */
		25DB0EA81B93286900E65E08 /* Project object */ = {
			isa = PBXProject;
			attributes = {
				LastSwiftMigration = 0700;
				LastSwiftUpdateCheck = 0700;
				LastUpgradeCheck = 0820;
				ORGANIZATIONNAME = "Franklin Schrans";
				TargetAttributes = {
					25DB0EAF1B93286900E65E08 = {
						CreatedOnToolsVersion = 6.4;
						DevelopmentTeam = 5QKHN66STV;
						LastSwiftMigration = 0820;
					};
				};
			};
			buildConfigurationList = 25DB0EAB1B93286900E65E08 /* Build configuration list for PBXProject "UIStrokeAnimatedLabelDemo" */;
			compatibilityVersion = "Xcode 3.2";
			developmentRegion = English;
			hasScannedForEncodings = 0;
			knownRegions = (
				en,
				Base,
			);
			mainGroup = 25DB0EA71B93286900E65E08;
			productRefGroup = 25DB0EB11B93286900E65E08 /* Products */;
			projectDirPath = "";
			projectReferences = (
				{
					ProductGroup = 0E04ADCE1E34D91D00585765 /* Products */;
					ProjectRef = 0E04ADBB1E34D86A00585765 /* UIStrokeAnimatedLabelFramework.xcodeproj */;
				},
			);
			projectRoot = "";
			targets = (
				25DB0EAF1B93286900E65E08 /* UIStrokeAnimatedLabelDemo */,
			);
		};
/* End PBXProject section */

/* Begin PBXReferenceProxy section */
		0E04ADD21E34D91D00585765 /* UIStrokeAnimatedLabelFramework.framework */ = {
			isa = PBXReferenceProxy;
			fileType = wrapper.framework;
			path = UIStrokeAnimatedLabelFramework.framework;
			remoteRef = 0E04ADD11E34D91D00585765 /* PBXContainerItemProxy */;
			sourceTree = BUILT_PRODUCTS_DIR;
		};
/* End PBXReferenceProxy section */

/* Begin PBXResourcesBuildPhase section */
		25DB0EAE1B93286900E65E08 /* Resources */ = {
			isa = PBXResourcesBuildPhase;
			buildActionMask = 2147483647;
			files = (
				25DB0EBE1B93286900E65E08 /* Main.storyboard in Resources */,
				25DB0EC31B93286900E65E08 /* LaunchScreen.xib in Resources */,
				25DB0EC01B93286900E65E08 /* Images.xcassets in Resources */,
			);
			runOnlyForDeploymentPostprocessing = 0;
		};
/* End PBXResourcesBuildPhase section */

/* Begin PBXSourcesBuildPhase section */
		25DB0EAC1B93286900E65E08 /* Sources */ = {
			isa = PBXSourcesBuildPhase;
			buildActionMask = 2147483647;
			files = (
				25DB0EBB1B93286900E65E08 /* ViewController.swift in Sources */,
				25DB0EB61B93286900E65E08 /* AppDelegate.swift in Sources */,
			);
			runOnlyForDeploymentPostprocessing = 0;
		};
/* End PBXSourcesBuildPhase section */

/* Begin PBXTargetDependency section */
		0E04ADD61E34D93D00585765 /* PBXTargetDependency */ = {
			isa = PBXTargetDependency;
			name = UIStrokeAnimatedLabelFramework;
			targetProxy = 0E04ADD51E34D93D00585765 /* PBXContainerItemProxy */;
		};
/* End PBXTargetDependency section */

/* Begin PBXVariantGroup section */
		25DB0EBC1B93286900E65E08 /* Main.storyboard */ = {
			isa = PBXVariantGroup;
			children = (
				25DB0EBD1B93286900E65E08 /* Base */,
			);
			name = Main.storyboard;
			sourceTree = "<group>";
		};
		25DB0EC11B93286900E65E08 /* LaunchScreen.xib */ = {
			isa = PBXVariantGroup;
			children = (
				25DB0EC21B93286900E65E08 /* Base */,
			);
			name = LaunchScreen.xib;
			sourceTree = "<group>";
		};
/* End PBXVariantGroup section */

/* Begin XCBuildConfiguration section */
		25DB0ED01B93286900E65E08 /* Debug */ = {
			isa = XCBuildConfiguration;
			buildSettings = {
				ALWAYS_SEARCH_USER_PATHS = NO;
				CLANG_CXX_LANGUAGE_STANDARD = "gnu++0x";
				CLANG_CXX_LIBRARY = "libc++";
				CLANG_ENABLE_MODULES = YES;
				CLANG_ENABLE_OBJC_ARC = YES;
				CLANG_WARN_BOOL_CONVERSION = YES;
				CLANG_WARN_CONSTANT_CONVERSION = YES;
				CLANG_WARN_DIRECT_OBJC_ISA_USAGE = YES_ERROR;
				CLANG_WARN_EMPTY_BODY = YES;
				CLANG_WARN_ENUM_CONVERSION = YES;
				CLANG_WARN_INFINITE_RECURSION = YES;
				CLANG_WARN_INT_CONVERSION = YES;
				CLANG_WARN_OBJC_ROOT_CLASS = YES_ERROR;
				CLANG_WARN_SUSPICIOUS_MOVE = YES;
				CLANG_WARN_UNREACHABLE_CODE = YES;
				CLANG_WARN__DUPLICATE_METHOD_MATCH = YES;
				"CODE_SIGN_IDENTITY[sdk=iphoneos*]" = "iPhone Developer";
				COPY_PHASE_STRIP = NO;
				DEBUG_INFORMATION_FORMAT = "dwarf-with-dsym";
				ENABLE_STRICT_OBJC_MSGSEND = YES;
				ENABLE_TESTABILITY = YES;
				GCC_C_LANGUAGE_STANDARD = gnu99;
				GCC_DYNAMIC_NO_PIC = NO;
				GCC_NO_COMMON_BLOCKS = YES;
				GCC_OPTIMIZATION_LEVEL = 0;
				GCC_PREPROCESSOR_DEFINITIONS = (
					"DEBUG=1",
					"$(inherited)",
				);
				GCC_SYMBOLS_PRIVATE_EXTERN = NO;
				GCC_WARN_64_TO_32_BIT_CONVERSION = YES;
				GCC_WARN_ABOUT_RETURN_TYPE = YES_ERROR;
				GCC_WARN_UNDECLARED_SELECTOR = YES;
				GCC_WARN_UNINITIALIZED_AUTOS = YES_AGGRESSIVE;
				GCC_WARN_UNUSED_FUNCTION = YES;
				GCC_WARN_UNUSED_VARIABLE = YES;
				IPHONEOS_DEPLOYMENT_TARGET = 8.4;
				MTL_ENABLE_DEBUG_INFO = YES;
				ONLY_ACTIVE_ARCH = YES;
				SDKROOT = iphoneos;
				SWIFT_OPTIMIZATION_LEVEL = "-Onone";
			};
			name = Debug;
		};
		25DB0ED11B93286900E65E08 /* Release */ = {
			isa = XCBuildConfiguration;
			buildSettings = {
				ALWAYS_SEARCH_USER_PATHS = NO;
				CLANG_CXX_LANGUAGE_STANDARD = "gnu++0x";
				CLANG_CXX_LIBRARY = "libc++";
				CLANG_ENABLE_MODULES = YES;
				CLANG_ENABLE_OBJC_ARC = YES;
				CLANG_WARN_BOOL_CONVERSION = YES;
				CLANG_WARN_CONSTANT_CONVERSION = YES;
				CLANG_WARN_DIRECT_OBJC_ISA_USAGE = YES_ERROR;
				CLANG_WARN_EMPTY_BODY = YES;
				CLANG_WARN_ENUM_CONVERSION = YES;
				CLANG_WARN_INFINITE_RECURSION = YES;
				CLANG_WARN_INT_CONVERSION = YES;
				CLANG_WARN_OBJC_ROOT_CLASS = YES_ERROR;
				CLANG_WARN_SUSPICIOUS_MOVE = YES;
				CLANG_WARN_UNREACHABLE_CODE = YES;
				CLANG_WARN__DUPLICATE_METHOD_MATCH = YES;
				"CODE_SIGN_IDENTITY[sdk=iphoneos*]" = "iPhone Developer";
				COPY_PHASE_STRIP = NO;
				DEBUG_INFORMATION_FORMAT = "dwarf-with-dsym";
				ENABLE_NS_ASSERTIONS = NO;
				ENABLE_STRICT_OBJC_MSGSEND = YES;
				GCC_C_LANGUAGE_STANDARD = gnu99;
				GCC_NO_COMMON_BLOCKS = YES;
				GCC_WARN_64_TO_32_BIT_CONVERSION = YES;
				GCC_WARN_ABOUT_RETURN_TYPE = YES_ERROR;
				GCC_WARN_UNDECLARED_SELECTOR = YES;
				GCC_WARN_UNINITIALIZED_AUTOS = YES_AGGRESSIVE;
				GCC_WARN_UNUSED_FUNCTION = YES;
				GCC_WARN_UNUSED_VARIABLE = YES;
				IPHONEOS_DEPLOYMENT_TARGET = 8.4;
				MTL_ENABLE_DEBUG_INFO = NO;
				SDKROOT = iphoneos;
				SWIFT_OPTIMIZATION_LEVEL = "-Owholemodule";
				VALIDATE_PRODUCT = YES;
			};
			name = Release;
		};
		25DB0ED31B93286900E65E08 /* Debug */ = {
			isa = XCBuildConfiguration;
			buildSettings = {
				ALWAYS_EMBED_SWIFT_STANDARD_LIBRARIES = YES;
				ASSETCATALOG_COMPILER_APPICON_NAME = AppIcon;
				DEVELOPMENT_TEAM = 5QKHN66STV;
				INFOPLIST_FILE = "$(SRCROOT)/UIStrokeAnimatedLabelDemo/DrawTextAnimationDemo/Info.plist";
				IPHONEOS_DEPLOYMENT_TARGET = 10.0;
				LD_RUNPATH_SEARCH_PATHS = "$(inherited) @executable_path/Frameworks";
				PRODUCT_BUNDLE_IDENTIFIER = com.franklinschrans.com.UIStrokeAnimatedLabelDemo;
				PRODUCT_NAME = "$(TARGET_NAME)";
				SWIFT_VERSION = 3.0;
			};
			name = Debug;
		};
		25DB0ED41B93286900E65E08 /* Release */ = {
			isa = XCBuildConfiguration;
			buildSettings = {
				ALWAYS_EMBED_SWIFT_STANDARD_LIBRARIES = YES;
				ASSETCATALOG_COMPILER_APPICON_NAME = AppIcon;
				DEVELOPMENT_TEAM = 5QKHN66STV;
				INFOPLIST_FILE = "$(SRCROOT)/UIStrokeAnimatedLabelDemo/DrawTextAnimationDemo/Info.plist";
				IPHONEOS_DEPLOYMENT_TARGET = 10.0;
				LD_RUNPATH_SEARCH_PATHS = "$(inherited) @executable_path/Frameworks";
				PRODUCT_BUNDLE_IDENTIFIER = com.franklinschrans.com.UIStrokeAnimatedLabelDemo;
				PRODUCT_NAME = "$(TARGET_NAME)";
				SWIFT_VERSION = 3.0;
			};
			name = Release;
		};
/* End XCBuildConfiguration section */

/* Begin XCConfigurationList section */
		25DB0EAB1B93286900E65E08 /* Build configuration list for PBXProject "UIStrokeAnimatedLabelDemo" */ = {
			isa = XCConfigurationList;
			buildConfigurations = (
				25DB0ED01B93286900E65E08 /* Debug */,
				25DB0ED11B93286900E65E08 /* Release */,
			);
			defaultConfigurationIsVisible = 0;
			defaultConfigurationName = Release;
		};
		25DB0ED21B93286900E65E08 /* Build configuration list for PBXNativeTarget "UIStrokeAnimatedLabelDemo" */ = {
			isa = XCConfigurationList;
			buildConfigurations = (
				25DB0ED31B93286900E65E08 /* Debug */,
				25DB0ED41B93286900E65E08 /* Release */,
			);
			defaultConfigurationIsVisible = 0;
			defaultConfigurationName = Release;
		};
/* End XCConfigurationList section */
	};
	rootObject = 25DB0EA81B93286900E65E08 /* Project object */;
}
